// !$*UTF8*$!
{
	archiveVersion = 1;
	classes = {
	};
	objectVersion = 46;
	objects = {

/* Begin PBXBuildFile section */
		BA8749741DED566000C9F896 /* main.m in Sources */ = {isa = PBXBuildFile; fileRef = BA8749731DED566000C9F896 /* main.m */; };
		BA8749771DED566000C9F896 /* AppDelegate.m in Sources */ = {isa = PBXBuildFile; fileRef = BA8749761DED566000C9F896 /* AppDelegate.m */; };
		BA87497A1DED566000C9F896 /* ViewController.m in Sources */ = {isa = PBXBuildFile; fileRef = BA8749791DED566000C9F896 /* ViewController.m */; };
		BA87497D1DED566000C9F896 /* Main.storyboard in Resources */ = {isa = PBXBuildFile; fileRef = BA87497B1DED566000C9F896 /* Main.storyboard */; };
		BA87497F1DED566000C9F896 /* Assets.xcassets in Resources */ = {isa = PBXBuildFile; fileRef = BA87497E1DED566000C9F896 /* Assets.xcassets */; };
		BA8749821DED566000C9F896 /* LaunchScreen.storyboard in Resources */ = {isa = PBXBuildFile; fileRef = BA8749801DED566000C9F896 /* LaunchScreen.storyboard */; };
		BA87498B1DED5F7500C9F896 /* UserNotificationCenter.m in Sources */ = {isa = PBXBuildFile; fileRef = BA87498A1DED5F7500C9F896 /* UserNotificationCenter.m */; };
		BA8749931DEEB33900C9F896 /* UserNotifications.framework in Frameworks */ = {isa = PBXBuildFile; fileRef = BA8749911DEEB33900C9F896 /* UserNotifications.framework */; settings = {ATTRIBUTES = (Weak, ); }; };
		BA8749941DEEB33900C9F896 /* UserNotificationsUI.framework in Frameworks */ = {isa = PBXBuildFile; fileRef = BA8749921DEEB33900C9F896 /* UserNotificationsUI.framework */; settings = {ATTRIBUTES = (Weak, ); }; };
		BA87499A1DEEE8BF00C9F896 /* UserNotifications.framework in Frameworks */ = {isa = PBXBuildFile; fileRef = BA8749911DEEB33900C9F896 /* UserNotifications.framework */; };
		BA87499B1DEEE8BF00C9F896 /* UserNotificationsUI.framework in Frameworks */ = {isa = PBXBuildFile; fileRef = BA8749921DEEB33900C9F896 /* UserNotificationsUI.framework */; };
		BA87499F1DEEE8BF00C9F896 /* NotificationViewController.m in Sources */ = {isa = PBXBuildFile; fileRef = BA87499E1DEEE8BF00C9F896 /* NotificationViewController.m */; };
		BA8749A21DEEE8BF00C9F896 /* MainInterface.storyboard in Resources */ = {isa = PBXBuildFile; fileRef = BA8749A01DEEE8BF00C9F896 /* MainInterface.storyboard */; };
		BA8749A71DEEE8BF00C9F896 /* YKHDNotificationContent.appex in Embed App Extensions */ = {isa = PBXBuildFile; fileRef = BA8749991DEEE8BE00C9F896 /* YKHDNotificationContent.appex */; settings = {ATTRIBUTES = (RemoveHeadersOnCopy, ); }; };
		BA8749B31DEEE8E800C9F896 /* NotificationService.m in Sources */ = {isa = PBXBuildFile; fileRef = BA8749B21DEEE8E800C9F896 /* NotificationService.m */; };
		BA8749B71DEEE8E800C9F896 /* YKHDNotificationService.appex in Embed App Extensions */ = {isa = PBXBuildFile; fileRef = BA8749AF1DEEE8E700C9F896 /* YKHDNotificationService.appex */; settings = {ATTRIBUTES = (RemoveHeadersOnCopy, ); }; };
		BABE07D81DF7B6E4001D1834 /* LocalNotificationManager.m in Sources */ = {isa = PBXBuildFile; fileRef = BABE07D71DF7B6E4001D1834 /* LocalNotificationManager.m */; };
		BABE07E71DF7B747001D1834 /* RemoteNotificaitonManager.m in Sources */ = {isa = PBXBuildFile; fileRef = BABE07E61DF7B747001D1834 /* RemoteNotificaitonManager.m */; };
		BABE08141DF7E7FE001D1834 /* 陈奕迅-人来人往.mp4 in Resources */ = {isa = PBXBuildFile; fileRef = BABE08131DF7E7FE001D1834 /* 陈奕迅-人来人往.mp4 */; };
		BAC00C6D1DF002C700E87A78 /* LocalNotificationItem.m in Sources */ = {isa = PBXBuildFile; fileRef = BAC00C6C1DF002C700E87A78 /* LocalNotificationItem.m */; };
		BAC00C6F1DF016F800E87A78 /* CoreLocation.framework in Frameworks */ = {isa = PBXBuildFile; fileRef = BAC00C6E1DF016F800E87A78 /* CoreLocation.framework */; };
		BAF544AD1DF17B08005C3145 /* attachment1.png in Resources */ = {isa = PBXBuildFile; fileRef = BAF544AC1DF17B08005C3145 /* attachment1.png */; };
		BAF544AF1DF17D7B005C3145 /* attachment2.png in Resources */ = {isa = PBXBuildFile; fileRef = BAF544AE1DF17D7B005C3145 /* attachment2.png */; };
		BAF544B11DF18B78005C3145 /* eason.gif in Resources */ = {isa = PBXBuildFile; fileRef = BAF544B01DF18B78005C3145 /* eason.gif */; };
		BAF544B51DF1972F005C3145 /* 张智霖 - 少女的祈祷.mp3 in Resources */ = {isa = PBXBuildFile; fileRef = BAF544B41DF1972F005C3145 /* 张智霖 - 少女的祈祷.mp3 */; };
		BAF544B71DF198B8005C3145 /* 陈奕迅-K歌之王.mp4 in Resources */ = {isa = PBXBuildFile; fileRef = BAF544B61DF198B8005C3145 /* 陈奕迅-K歌之王.mp4 */; };
		BAF544BB1DF516B0005C3145 /* 示意图.png in Resources */ = {isa = PBXBuildFile; fileRef = BAF544B91DF516B0005C3145 /* 示意图.png */; };
		BAF544BC1DF516B0005C3145 /* 通知附件大小限制.png in Resources */ = {isa = PBXBuildFile; fileRef = BAF544BA1DF516B0005C3145 /* 通知附件大小限制.png */; };
		BAF544C31DF6C48D005C3145 /* attachment.png in Resources */ = {isa = PBXBuildFile; fileRef = BAF544C21DF6C48D005C3145 /* attachment.png */; };
/* End PBXBuildFile section */

/* Begin PBXContainerItemProxy section */
		BA8749A41DEEE8BF00C9F896 /* PBXContainerItemProxy */ = {
			isa = PBXContainerItemProxy;
			containerPortal = BA8749671DED566000C9F896 /* Project object */;
			proxyType = 1;
			remoteGlobalIDString = BA8749981DEEE8BE00C9F896;
			remoteInfo = YKHDNotificationContent;
		};
		BA8749B51DEEE8E800C9F896 /* PBXContainerItemProxy */ = {
			isa = PBXContainerItemProxy;
			containerPortal = BA8749671DED566000C9F896 /* Project object */;
			proxyType = 1;
			remoteGlobalIDString = BA8749AE1DEEE8E700C9F896;
			remoteInfo = YKHDNotificationService;
		};
/* End PBXContainerItemProxy section */

/* Begin PBXCopyFilesBuildPhase section */
		BA8749A61DEEE8BF00C9F896 /* Embed App Extensions */ = {
			isa = PBXCopyFilesBuildPhase;
			buildActionMask = 2147483647;
			dstPath = "";
			dstSubfolderSpec = 13;
			files = (
				BA8749A71DEEE8BF00C9F896 /* YKHDNotificationContent.appex in Embed App Extensions */,
				BA8749B71DEEE8E800C9F896 /* YKHDNotificationService.appex in Embed App Extensions */,
			);
			name = "Embed App Extensions";
			runOnlyForDeploymentPostprocessing = 0;
		};
/* End PBXCopyFilesBuildPhase section */

/* Begin PBXFileReference section */
		BA87496F1DED566000C9F896 /* PushNotificationSDKSample.app */ = {isa = PBXFileReference; explicitFileType = wrapper.application; includeInIndex = 0; path = PushNotificationSDKSample.app; sourceTree = BUILT_PRODUCTS_DIR; };
		BA8749731DED566000C9F896 /* main.m */ = {isa = PBXFileReference; lastKnownFileType = sourcecode.c.objc; path = main.m; sourceTree = "<group>"; };
		BA8749751DED566000C9F896 /* AppDelegate.h */ = {isa = PBXFileReference; lastKnownFileType = sourcecode.c.h; path = AppDelegate.h; sourceTree = "<group>"; };
		BA8749761DED566000C9F896 /* AppDelegate.m */ = {isa = PBXFileReference; lastKnownFileType = sourcecode.c.objc; path = AppDelegate.m; sourceTree = "<group>"; };
		BA8749781DED566000C9F896 /* ViewController.h */ = {isa = PBXFileReference; lastKnownFileType = sourcecode.c.h; path = ViewController.h; sourceTree = "<group>"; };
		BA8749791DED566000C9F896 /* ViewController.m */ = {isa = PBXFileReference; lastKnownFileType = sourcecode.c.objc; path = ViewController.m; sourceTree = "<group>"; };
		BA87497C1DED566000C9F896 /* Base */ = {isa = PBXFileReference; lastKnownFileType = file.storyboard; name = Base; path = Base.lproj/Main.storyboard; sourceTree = "<group>"; };
		BA87497E1DED566000C9F896 /* Assets.xcassets */ = {isa = PBXFileReference; lastKnownFileType = folder.assetcatalog; path = Assets.xcassets; sourceTree = "<group>"; };
		BA8749811DED566000C9F896 /* Base */ = {isa = PBXFileReference; lastKnownFileType = file.storyboard; name = Base; path = Base.lproj/LaunchScreen.storyboard; sourceTree = "<group>"; };
		BA8749831DED566000C9F896 /* Info.plist */ = {isa = PBXFileReference; lastKnownFileType = text.plist.xml; path = Info.plist; sourceTree = "<group>"; };
		BA8749891DED5F7500C9F896 /* UserNotificationCenter.h */ = {isa = PBXFileReference; fileEncoding = 4; lastKnownFileType = sourcecode.c.h; path = UserNotificationCenter.h; sourceTree = "<group>"; };
		BA87498A1DED5F7500C9F896 /* UserNotificationCenter.m */ = {isa = PBXFileReference; fileEncoding = 4; lastKnownFileType = sourcecode.c.objc; path = UserNotificationCenter.m; sourceTree = "<group>"; };
		BA87498C1DED775A00C9F896 /* PushNotificationSDKSample.entitlements */ = {isa = PBXFileReference; lastKnownFileType = text.plist.entitlements; path = PushNotificationSDKSample.entitlements; sourceTree = "<group>"; };
		BA8749911DEEB33900C9F896 /* UserNotifications.framework */ = {isa = PBXFileReference; lastKnownFileType = wrapper.framework; name = UserNotifications.framework; path = System/Library/Frameworks/UserNotifications.framework; sourceTree = SDKROOT; };
		BA8749921DEEB33900C9F896 /* UserNotificationsUI.framework */ = {isa = PBXFileReference; lastKnownFileType = wrapper.framework; name = UserNotificationsUI.framework; path = System/Library/Frameworks/UserNotificationsUI.framework; sourceTree = SDKROOT; };
		BA8749991DEEE8BE00C9F896 /* YKHDNotificationContent.appex */ = {isa = PBXFileReference; explicitFileType = "wrapper.app-extension"; includeInIndex = 0; path = YKHDNotificationContent.appex; sourceTree = BUILT_PRODUCTS_DIR; };
		BA87499D1DEEE8BF00C9F896 /* NotificationViewController.h */ = {isa = PBXFileReference; lastKnownFileType = sourcecode.c.h; path = NotificationViewController.h; sourceTree = "<group>"; };
		BA87499E1DEEE8BF00C9F896 /* NotificationViewController.m */ = {isa = PBXFileReference; lastKnownFileType = sourcecode.c.objc; path = NotificationViewController.m; sourceTree = "<group>"; };
		BA8749A11DEEE8BF00C9F896 /* Base */ = {isa = PBXFileReference; lastKnownFileType = file.storyboard; name = Base; path = Base.lproj/MainInterface.storyboard; sourceTree = "<group>"; };
		BA8749A31DEEE8BF00C9F896 /* Info.plist */ = {isa = PBXFileReference; lastKnownFileType = text.plist.xml; path = Info.plist; sourceTree = "<group>"; };
		BA8749AF1DEEE8E700C9F896 /* YKHDNotificationService.appex */ = {isa = PBXFileReference; explicitFileType = "wrapper.app-extension"; includeInIndex = 0; path = YKHDNotificationService.appex; sourceTree = BUILT_PRODUCTS_DIR; };
		BA8749B11DEEE8E800C9F896 /* NotificationService.h */ = {isa = PBXFileReference; lastKnownFileType = sourcecode.c.h; path = NotificationService.h; sourceTree = "<group>"; };
		BA8749B21DEEE8E800C9F896 /* NotificationService.m */ = {isa = PBXFileReference; lastKnownFileType = sourcecode.c.objc; path = NotificationService.m; sourceTree = "<group>"; };
		BA8749B41DEEE8E800C9F896 /* Info.plist */ = {isa = PBXFileReference; lastKnownFileType = text.plist.xml; path = Info.plist; sourceTree = "<group>"; };
		BABE07C01DF7B509001D1834 /* 简单用法.h */ = {isa = PBXFileReference; lastKnownFileType = sourcecode.c.h; name = "简单用法.h"; path = "../简单用法.h"; sourceTree = "<group>"; };
		BABE07D61DF7B6E4001D1834 /* LocalNotificationManager.h */ = {isa = PBXFileReference; fileEncoding = 4; lastKnownFileType = sourcecode.c.h; path = LocalNotificationManager.h; sourceTree = "<group>"; };
		BABE07D71DF7B6E4001D1834 /* LocalNotificationManager.m */ = {isa = PBXFileReference; fileEncoding = 4; lastKnownFileType = sourcecode.c.objc; path = LocalNotificationManager.m; sourceTree = "<group>"; };
		BABE07E51DF7B747001D1834 /* RemoteNotificaitonManager.h */ = {isa = PBXFileReference; fileEncoding = 4; lastKnownFileType = sourcecode.c.h; name = RemoteNotificaitonManager.h; path = PushNotificationSDKSample/RemoteNotificaitonManager.h; sourceTree = "<group>"; };
		BABE07E61DF7B747001D1834 /* RemoteNotificaitonManager.m */ = {isa = PBXFileReference; fileEncoding = 4; lastKnownFileType = sourcecode.c.objc; name = RemoteNotificaitonManager.m; path = PushNotificationSDKSample/RemoteNotificaitonManager.m; sourceTree = "<group>"; };
		BABE08131DF7E7FE001D1834 /* 陈奕迅-人来人往.mp4 */ = {isa = PBXFileReference; lastKnownFileType = file; path = "陈奕迅-人来人往.mp4"; sourceTree = "<group>"; };
		BAC00C6B1DF002C700E87A78 /* LocalNotificationItem.h */ = {isa = PBXFileReference; fileEncoding = 4; lastKnownFileType = sourcecode.c.h; path = LocalNotificationItem.h; sourceTree = "<group>"; };
		BAC00C6C1DF002C700E87A78 /* LocalNotificationItem.m */ = {isa = PBXFileReference; fileEncoding = 4; lastKnownFileType = sourcecode.c.objc; path = LocalNotificationItem.m; sourceTree = "<group>"; };
		BAC00C6E1DF016F800E87A78 /* CoreLocation.framework */ = {isa = PBXFileReference; lastKnownFileType = wrapper.framework; name = CoreLocation.framework; path = System/Library/Frameworks/CoreLocation.framework; sourceTree = SDKROOT; };
		BAF544AC1DF17B08005C3145 /* attachment1.png */ = {isa = PBXFileReference; lastKnownFileType = image.png; path = attachment1.png; sourceTree = "<group>"; };
		BAF544AE1DF17D7B005C3145 /* attachment2.png */ = {isa = PBXFileReference; lastKnownFileType = image.png; path = attachment2.png; sourceTree = "<group>"; };
		BAF544B01DF18B78005C3145 /* eason.gif */ = {isa = PBXFileReference; lastKnownFileType = image.gif; path = eason.gif; sourceTree = "<group>"; };
		BAF544B41DF1972F005C3145 /* 张智霖 - 少女的祈祷.mp3 */ = {isa = PBXFileReference; lastKnownFileType = audio.mp3; path = "张智霖 - 少女的祈祷.mp3"; sourceTree = "<group>"; };
		BAF544B61DF198B8005C3145 /* 陈奕迅-K歌之王.mp4 */ = {isa = PBXFileReference; lastKnownFileType = file; path = "陈奕迅-K歌之王.mp4"; sourceTree = "<group>"; };
		BAF544B91DF516B0005C3145 /* 示意图.png */ = {isa = PBXFileReference; lastKnownFileType = image.png; path = "示意图.png"; sourceTree = "<group>"; };
		BAF544BA1DF516B0005C3145 /* 通知附件大小限制.png */ = {isa = PBXFileReference; lastKnownFileType = image.png; path = "通知附件大小限制.png"; sourceTree = "<group>"; };
		BAF544C21DF6C48D005C3145 /* attachment.png */ = {isa = PBXFileReference; lastKnownFileType = image.png; path = attachment.png; sourceTree = "<group>"; };
/* End PBXFileReference section */

/* Begin PBXFrameworksBuildPhase section */
		BA87496C1DED566000C9F896 /* Frameworks */ = {
			isa = PBXFrameworksBuildPhase;
			buildActionMask = 2147483647;
			files = (
				BAC00C6F1DF016F800E87A78 /* CoreLocation.framework in Frameworks */,
				BA8749931DEEB33900C9F896 /* UserNotifications.framework in Frameworks */,
				BA8749941DEEB33900C9F896 /* UserNotificationsUI.framework in Frameworks */,
			);
			runOnlyForDeploymentPostprocessing = 0;
		};
		BA8749961DEEE8BE00C9F896 /* Frameworks */ = {
			isa = PBXFrameworksBuildPhase;
			buildActionMask = 2147483647;
			files = (
				BA87499B1DEEE8BF00C9F896 /* UserNotificationsUI.framework in Frameworks */,
				BA87499A1DEEE8BF00C9F896 /* UserNotifications.framework in Frameworks */,
			);
			runOnlyForDeploymentPostprocessing = 0;
		};
		BA8749AC1DEEE8E700C9F896 /* Frameworks */ = {
			isa = PBXFrameworksBuildPhase;
			buildActionMask = 2147483647;
			files = (
			);
			runOnlyForDeploymentPostprocessing = 0;
		};
/* End PBXFrameworksBuildPhase section */

/* Begin PBXGroup section */
		BA8749661DED566000C9F896 = {
			isa = PBXGroup;
			children = (
				BAF544BD1DF58A6B005C3145 /* Resource */,
				BAF544B81DF5167B005C3145 /* doc */,
				BA8749711DED566000C9F896 /* PushNotificationSDKSample */,
				BA8749B01DEEE8E800C9F896 /* YKHDNotificationService */,
				BA87499C1DEEE8BF00C9F896 /* YKHDNotificationContent */,
				BA8749701DED566000C9F896 /* Products */,
				BA8749901DEEB33900C9F896 /* Frameworks */,
			);
			sourceTree = "<group>";
		};
		BA8749701DED566000C9F896 /* Products */ = {
			isa = PBXGroup;
			children = (
				BA87496F1DED566000C9F896 /* PushNotificationSDKSample.app */,
				BA8749991DEEE8BE00C9F896 /* YKHDNotificationContent.appex */,
				BA8749AF1DEEE8E700C9F896 /* YKHDNotificationService.appex */,
			);
			name = Products;
			sourceTree = "<group>";
		};
		BA8749711DED566000C9F896 /* PushNotificationSDKSample */ = {
			isa = PBXGroup;
			children = (
				BA87498C1DED775A00C9F896 /* PushNotificationSDKSample.entitlements */,
				BABE07C01DF7B509001D1834 /* 简单用法.h */,
				BA8749751DED566000C9F896 /* AppDelegate.h */,
				BA8749761DED566000C9F896 /* AppDelegate.m */,
				BA8749781DED566000C9F896 /* ViewController.h */,
				BA8749791DED566000C9F896 /* ViewController.m */,
				BA8749891DED5F7500C9F896 /* UserNotificationCenter.h */,
				BA87498A1DED5F7500C9F896 /* UserNotificationCenter.m */,
				BAC00C731DF026D200E87A78 /* Local */,
				BAC00C741DF026EC00E87A78 /* Remote */,
				BA87497B1DED566000C9F896 /* Main.storyboard */,
				BA87497E1DED566000C9F896 /* Assets.xcassets */,
				BA8749801DED566000C9F896 /* LaunchScreen.storyboard */,
				BA8749831DED566000C9F896 /* Info.plist */,
				BA8749721DED566000C9F896 /* Supporting Files */,
			);
			path = PushNotificationSDKSample;
			sourceTree = "<group>";
		};
		BA8749721DED566000C9F896 /* Supporting Files */ = {
			isa = PBXGroup;
			children = (
				BA8749731DED566000C9F896 /* main.m */,
			);
			name = "Supporting Files";
			sourceTree = "<group>";
		};
		BA8749901DEEB33900C9F896 /* Frameworks */ = {
			isa = PBXGroup;
			children = (
				BAC00C6E1DF016F800E87A78 /* CoreLocation.framework */,
				BA8749911DEEB33900C9F896 /* UserNotifications.framework */,
				BA8749921DEEB33900C9F896 /* UserNotificationsUI.framework */,
			);
			name = Frameworks;
			sourceTree = "<group>";
		};
		BA87499C1DEEE8BF00C9F896 /* YKHDNotificationContent */ = {
			isa = PBXGroup;
			children = (
				BA87499D1DEEE8BF00C9F896 /* NotificationViewController.h */,
				BA87499E1DEEE8BF00C9F896 /* NotificationViewController.m */,
				BA8749A01DEEE8BF00C9F896 /* MainInterface.storyboard */,
				BA8749A31DEEE8BF00C9F896 /* Info.plist */,
			);
			path = YKHDNotificationContent;
			sourceTree = "<group>";
		};
		BA8749B01DEEE8E800C9F896 /* YKHDNotificationService */ = {
			isa = PBXGroup;
			children = (
				BA8749B11DEEE8E800C9F896 /* NotificationService.h */,
				BA8749B21DEEE8E800C9F896 /* NotificationService.m */,
				BA8749B41DEEE8E800C9F896 /* Info.plist */,
			);
			path = YKHDNotificationService;
			sourceTree = "<group>";
		};
		BAC00C731DF026D200E87A78 /* Local */ = {
			isa = PBXGroup;
			children = (
				BABE07D61DF7B6E4001D1834 /* LocalNotificationManager.h */,
				BABE07D71DF7B6E4001D1834 /* LocalNotificationManager.m */,
				BAC00C6B1DF002C700E87A78 /* LocalNotificationItem.h */,
				BAC00C6C1DF002C700E87A78 /* LocalNotificationItem.m */,
			);
			name = Local;
			sourceTree = "<group>";
		};
		BAC00C741DF026EC00E87A78 /* Remote */ = {
			isa = PBXGroup;
			children = (
				BABE07E51DF7B747001D1834 /* RemoteNotificaitonManager.h */,
				BABE07E61DF7B747001D1834 /* RemoteNotificaitonManager.m */,
			);
			name = Remote;
			path = ..;
			sourceTree = "<group>";
		};
		BAF544B81DF5167B005C3145 /* doc */ = {
			isa = PBXGroup;
			children = (
				BAF544B91DF516B0005C3145 /* 示意图.png */,
				BAF544BA1DF516B0005C3145 /* 通知附件大小限制.png */,
			);
			name = doc;
			sourceTree = "<group>";
		};
		BAF544BD1DF58A6B005C3145 /* Resource */ = {
			isa = PBXGroup;
			children = (
				BAF544C21DF6C48D005C3145 /* attachment.png */,
				BAF544AC1DF17B08005C3145 /* attachment1.png */,
				BAF544AE1DF17D7B005C3145 /* attachment2.png */,
				BAF544B01DF18B78005C3145 /* eason.gif */,
				BAF544B41DF1972F005C3145 /* 张智霖 - 少女的祈祷.mp3 */,
				BAF544B61DF198B8005C3145 /* 陈奕迅-K歌之王.mp4 */,
				BABE08131DF7E7FE001D1834 /* 陈奕迅-人来人往.mp4 */,
			);
			name = Resource;
			sourceTree = "<group>";
		};
/* End PBXGroup section */

/* Begin PBXNativeTarget section */
		BA87496E1DED566000C9F896 /* PushNotificationSDKSample */ = {
			isa = PBXNativeTarget;
			buildConfigurationList = BA8749861DED566000C9F896 /* Build configuration list for PBXNativeTarget "PushNotificationSDKSample" */;
			buildPhases = (
				BA87496B1DED566000C9F896 /* Sources */,
				BA87496C1DED566000C9F896 /* Frameworks */,
				BA87496D1DED566000C9F896 /* Resources */,
				BA8749A61DEEE8BF00C9F896 /* Embed App Extensions */,
				BAC00C781DF044A900E87A78 /* ShellScript */,
			);
			buildRules = (
			);
			dependencies = (
				BA8749A51DEEE8BF00C9F896 /* PBXTargetDependency */,
				BA8749B61DEEE8E800C9F896 /* PBXTargetDependency */,
			);
			name = PushNotificationSDKSample;
			productName = PushNotificationSDKSample;
			productReference = BA87496F1DED566000C9F896 /* PushNotificationSDKSample.app */;
			productType = "com.apple.product-type.application";
		};
		BA8749981DEEE8BE00C9F896 /* YKHDNotificationContent */ = {
			isa = PBXNativeTarget;
			buildConfigurationList = BA8749A81DEEE8BF00C9F896 /* Build configuration list for PBXNativeTarget "YKHDNotificationContent" */;
			buildPhases = (
				BA8749951DEEE8BE00C9F896 /* Sources */,
				BA8749961DEEE8BE00C9F896 /* Frameworks */,
				BA8749971DEEE8BE00C9F896 /* Resources */,
			);
			buildRules = (
			);
			dependencies = (
			);
			name = YKHDNotificationContent;
			productName = YKHDNotificationContent;
			productReference = BA8749991DEEE8BE00C9F896 /* YKHDNotificationContent.appex */;
			productType = "com.apple.product-type.app-extension";
		};
		BA8749AE1DEEE8E700C9F896 /* YKHDNotificationService */ = {
			isa = PBXNativeTarget;
			buildConfigurationList = BA8749B81DEEE8E800C9F896 /* Build configuration list for PBXNativeTarget "YKHDNotificationService" */;
			buildPhases = (
				BA8749AB1DEEE8E700C9F896 /* Sources */,
				BA8749AC1DEEE8E700C9F896 /* Frameworks */,
				BA8749AD1DEEE8E700C9F896 /* Resources */,
			);
			buildRules = (
			);
			dependencies = (
			);
			name = YKHDNotificationService;
			productName = YKHDNotificationService;
			productReference = BA8749AF1DEEE8E700C9F896 /* YKHDNotificationService.appex */;
			productType = "com.apple.product-type.app-extension";
		};
/* End PBXNativeTarget section */

/* Begin PBXProject section */
		BA8749671DED566000C9F896 /* Project object */ = {
			isa = PBXProject;
			attributes = {
				LastUpgradeCheck = 0810;
				ORGANIZATIONNAME = Carouesl;
				TargetAttributes = {
					BA87496E1DED566000C9F896 = {
						CreatedOnToolsVersion = 8.1;
						DevelopmentTeam = 9A3VU99UZ5;
						ProvisioningStyle = Manual;
						SystemCapabilities = {
							com.apple.BackgroundModes = {
								enabled = 1;
							};
							com.apple.Push = {
								enabled = 1;
							};
						};
					};
					BA8749981DEEE8BE00C9F896 = {
						CreatedOnToolsVersion = 8.1;
						DevelopmentTeam = 9A3VU99UZ5;
						ProvisioningStyle = Manual;
					};
					BA8749AE1DEEE8E700C9F896 = {
						CreatedOnToolsVersion = 8.1;
						DevelopmentTeam = 9A3VU99UZ5;
						ProvisioningStyle = Manual;
					};
				};
			};
			buildConfigurationList = BA87496A1DED566000C9F896 /* Build configuration list for PBXProject "PushNotificationSDKSample" */;
			compatibilityVersion = "Xcode 3.2";
			developmentRegion = English;
			hasScannedForEncodings = 0;
			knownRegions = (
				en,
				Base,
			);
			mainGroup = BA8749661DED566000C9F896;
			productRefGroup = BA8749701DED566000C9F896 /* Products */;
			projectDirPath = "";
			projectRoot = "";
			targets = (
				BA87496E1DED566000C9F896 /* PushNotificationSDKSample */,
				BA8749981DEEE8BE00C9F896 /* YKHDNotificationContent */,
				BA8749AE1DEEE8E700C9F896 /* YKHDNotificationService */,
			);
		};
/* End PBXProject section */

/* Begin PBXResourcesBuildPhase section */
		BA87496D1DED566000C9F896 /* Resources */ = {
			isa = PBXResourcesBuildPhase;
			buildActionMask = 2147483647;
			files = (
				BAF544BB1DF516B0005C3145 /* 示意图.png in Resources */,
				BAF544B51DF1972F005C3145 /* 张智霖 - 少女的祈祷.mp3 in Resources */,
				BA8749821DED566000C9F896 /* LaunchScreen.storyboard in Resources */,
				BA87497F1DED566000C9F896 /* Assets.xcassets in Resources */,
				BAF544B11DF18B78005C3145 /* eason.gif in Resources */,
				BAF544C31DF6C48D005C3145 /* attachment.png in Resources */,
				BAF544AD1DF17B08005C3145 /* attachment1.png in Resources */,
				BAF544BC1DF516B0005C3145 /* 通知附件大小限制.png in Resources */,
				BA87497D1DED566000C9F896 /* Main.storyboard in Resources */,
				BAF544AF1DF17D7B005C3145 /* attachment2.png in Resources */,
				BAF544B71DF198B8005C3145 /* 陈奕迅-K歌之王.mp4 in Resources */,
				BABE08141DF7E7FE001D1834 /* 陈奕迅-人来人往.mp4 in Resources */,
			);
			runOnlyForDeploymentPostprocessing = 0;
		};
		BA8749971DEEE8BE00C9F896 /* Resources */ = {
			isa = PBXResourcesBuildPhase;
			buildActionMask = 2147483647;
			files = (
				BA8749A21DEEE8BF00C9F896 /* MainInterface.storyboard in Resources */,
			);
			runOnlyForDeploymentPostprocessing = 0;
		};
		BA8749AD1DEEE8E700C9F896 /* Resources */ = {
			isa = PBXResourcesBuildPhase;
			buildActionMask = 2147483647;
			files = (
			);
			runOnlyForDeploymentPostprocessing = 0;
		};
/* End PBXResourcesBuildPhase section */

/* Begin PBXShellScriptBuildPhase section */
		BAC00C781DF044A900E87A78 /* ShellScript */ = {
			isa = PBXShellScriptBuildPhase;
			buildActionMask = 2147483647;
			files = (
			);
			inputPaths = (
			);
			outputPaths = (
			);
			runOnlyForDeploymentPostprocessing = 0;
			shellPath = /bin/sh;
			shellScript = "";
		};
/* End PBXShellScriptBuildPhase section */

/* Begin PBXSourcesBuildPhase section */
		BA87496B1DED566000C9F896 /* Sources */ = {
			isa = PBXSourcesBuildPhase;
			buildActionMask = 2147483647;
			files = (
				BA87497A1DED566000C9F896 /* ViewController.m in Sources */,
				BABE07D81DF7B6E4001D1834 /* LocalNotificationManager.m in Sources */,
				BA8749771DED566000C9F896 /* AppDelegate.m in Sources */,
				BAC00C6D1DF002C700E87A78 /* LocalNotificationItem.m in Sources */,
				BA8749741DED566000C9F896 /* main.m in Sources */,
				BA87498B1DED5F7500C9F896 /* UserNotificationCenter.m in Sources */,
				BABE07E71DF7B747001D1834 /* RemoteNotificaitonManager.m in Sources */,
			);
			runOnlyForDeploymentPostprocessing = 0;
		};
		BA8749951DEEE8BE00C9F896 /* Sources */ = {
			isa = PBXSourcesBuildPhase;
			buildActionMask = 2147483647;
			files = (
				BA87499F1DEEE8BF00C9F896 /* NotificationViewController.m in Sources */,
			);
			runOnlyForDeploymentPostprocessing = 0;
		};
		BA8749AB1DEEE8E700C9F896 /* Sources */ = {
			isa = PBXSourcesBuildPhase;
			buildActionMask = 2147483647;
			files = (
				BA8749B31DEEE8E800C9F896 /* NotificationService.m in Sources */,
			);
			runOnlyForDeploymentPostprocessing = 0;
		};
/* End PBXSourcesBuildPhase section */

/* Begin PBXTargetDependency section */
		BA8749A51DEEE8BF00C9F896 /* PBXTargetDependency */ = {
			isa = PBXTargetDependency;
			target = BA8749981DEEE8BE00C9F896 /* YKHDNotificationContent */;
			targetProxy = BA8749A41DEEE8BF00C9F896 /* PBXContainerItemProxy */;
		};
		BA8749B61DEEE8E800C9F896 /* PBXTargetDependency */ = {
			isa = PBXTargetDependency;
			target = BA8749AE1DEEE8E700C9F896 /* YKHDNotificationService */;
			targetProxy = BA8749B51DEEE8E800C9F896 /* PBXContainerItemProxy */;
		};
/* End PBXTargetDependency section */

/* Begin PBXVariantGroup section */
		BA87497B1DED566000C9F896 /* Main.storyboard */ = {
			isa = PBXVariantGroup;
			children = (
				BA87497C1DED566000C9F896 /* Base */,
			);
			name = Main.storyboard;
			sourceTree = "<group>";
		};
		BA8749801DED566000C9F896 /* LaunchScreen.storyboard */ = {
			isa = PBXVariantGroup;
			children = (
				BA8749811DED566000C9F896 /* Base */,
			);
			name = LaunchScreen.storyboard;
			sourceTree = "<group>";
		};
		BA8749A01DEEE8BF00C9F896 /* MainInterface.storyboard */ = {
			isa = PBXVariantGroup;
			children = (
				BA8749A11DEEE8BF00C9F896 /* Base */,
			);
			name = MainInterface.storyboard;
			sourceTree = "<group>";
		};
/* End PBXVariantGroup section */

/* Begin XCBuildConfiguration section */
		BA8749841DED566000C9F896 /* Debug */ = {
			isa = XCBuildConfiguration;
			buildSettings = {
				ALWAYS_SEARCH_USER_PATHS = NO;
				CLANG_ANALYZER_NONNULL = YES;
				CLANG_CXX_LANGUAGE_STANDARD = "gnu++0x";
				CLANG_CXX_LIBRARY = "libc++";
				CLANG_ENABLE_MODULES = YES;
				CLANG_ENABLE_OBJC_ARC = YES;
				CLANG_WARN_BOOL_CONVERSION = YES;
				CLANG_WARN_CONSTANT_CONVERSION = YES;
				CLANG_WARN_DIRECT_OBJC_ISA_USAGE = YES_ERROR;
				CLANG_WARN_DOCUMENTATION_COMMENTS = YES;
				CLANG_WARN_EMPTY_BODY = YES;
				CLANG_WARN_ENUM_CONVERSION = YES;
				CLANG_WARN_INFINITE_RECURSION = YES;
				CLANG_WARN_INT_CONVERSION = YES;
				CLANG_WARN_OBJC_ROOT_CLASS = YES_ERROR;
				CLANG_WARN_SUSPICIOUS_MOVES = YES;
				CLANG_WARN_UNREACHABLE_CODE = YES;
				CLANG_WARN__DUPLICATE_METHOD_MATCH = YES;
				"CODE_SIGN_IDENTITY[sdk=iphoneos*]" = "iPhone Developer";
				COPY_PHASE_STRIP = NO;
				DEBUG_INFORMATION_FORMAT = dwarf;
				ENABLE_STRICT_OBJC_MSGSEND = YES;
				ENABLE_TESTABILITY = YES;
				GCC_C_LANGUAGE_STANDARD = gnu99;
				GCC_DYNAMIC_NO_PIC = NO;
				GCC_NO_COMMON_BLOCKS = YES;
				GCC_OPTIMIZATION_LEVEL = 0;
				GCC_PREPROCESSOR_DEFINITIONS = (
					"DEBUG=1",
					"$(inherited)",
				);
				GCC_WARN_64_TO_32_BIT_CONVERSION = YES;
				GCC_WARN_ABOUT_RETURN_TYPE = YES_ERROR;
				GCC_WARN_UNDECLARED_SELECTOR = YES;
				GCC_WARN_UNINITIALIZED_AUTOS = YES_AGGRESSIVE;
				GCC_WARN_UNUSED_FUNCTION = YES;
				GCC_WARN_UNUSED_VARIABLE = YES;
				IPHONEOS_DEPLOYMENT_TARGET = 10.1;
				MTL_ENABLE_DEBUG_INFO = YES;
				ONLY_ACTIVE_ARCH = YES;
				SDKROOT = iphoneos;
				TARGETED_DEVICE_FAMILY = "1,2";
			};
			name = Debug;
		};
		BA8749851DED566000C9F896 /* Release */ = {
			isa = XCBuildConfiguration;
			buildSettings = {
				ALWAYS_SEARCH_USER_PATHS = NO;
				CLANG_ANALYZER_NONNULL = YES;
				CLANG_CXX_LANGUAGE_STANDARD = "gnu++0x";
				CLANG_CXX_LIBRARY = "libc++";
				CLANG_ENABLE_MODULES = YES;
				CLANG_ENABLE_OBJC_ARC = YES;
				CLANG_WARN_BOOL_CONVERSION = YES;
				CLANG_WARN_CONSTANT_CONVERSION = YES;
				CLANG_WARN_DIRECT_OBJC_ISA_USAGE = YES_ERROR;
				CLANG_WARN_DOCUMENTATION_COMMENTS = YES;
				CLANG_WARN_EMPTY_BODY = YES;
				CLANG_WARN_ENUM_CONVERSION = YES;
				CLANG_WARN_INFINITE_RECURSION = YES;
				CLANG_WARN_INT_CONVERSION = YES;
				CLANG_WARN_OBJC_ROOT_CLASS = YES_ERROR;
				CLANG_WARN_SUSPICIOUS_MOVES = YES;
				CLANG_WARN_UNREACHABLE_CODE = YES;
				CLANG_WARN__DUPLICATE_METHOD_MATCH = YES;
				"CODE_SIGN_IDENTITY[sdk=iphoneos*]" = "iPhone Developer";
				COPY_PHASE_STRIP = NO;
				DEBUG_INFORMATION_FORMAT = "dwarf-with-dsym";
				ENABLE_NS_ASSERTIONS = NO;
				ENABLE_STRICT_OBJC_MSGSEND = YES;
				GCC_C_LANGUAGE_STANDARD = gnu99;
				GCC_NO_COMMON_BLOCKS = YES;
				GCC_WARN_64_TO_32_BIT_CONVERSION = YES;
				GCC_WARN_ABOUT_RETURN_TYPE = YES_ERROR;
				GCC_WARN_UNDECLARED_SELECTOR = YES;
				GCC_WARN_UNINITIALIZED_AUTOS = YES_AGGRESSIVE;
				GCC_WARN_UNUSED_FUNCTION = YES;
				GCC_WARN_UNUSED_VARIABLE = YES;
				IPHONEOS_DEPLOYMENT_TARGET = 10.1;
				MTL_ENABLE_DEBUG_INFO = NO;
				SDKROOT = iphoneos;
				TARGETED_DEVICE_FAMILY = "1,2";
				VALIDATE_PRODUCT = YES;
			};
			name = Release;
		};
		BA8749871DED566000C9F896 /* Debug */ = {
			isa = XCBuildConfiguration;
			buildSettings = {
				ASSETCATALOG_COMPILER_APPICON_NAME = AppIcon;
				ASSETCATALOG_COMPILER_LAUNCHIMAGE_NAME = LaunchImage;
				CODE_SIGN_ENTITLEMENTS = PushNotificationSDKSample/PushNotificationSDKSample.entitlements;
				"CODE_SIGN_IDENTITY[sdk=iphoneos*]" = "iPhone Developer";
				DEVELOPMENT_TEAM = 9A3VU99UZ5;
				INFOPLIST_FILE = PushNotificationSDKSample/Info.plist;
				IPHONEOS_DEPLOYMENT_TARGET = 7.0;
				LD_RUNPATH_SEARCH_PATHS = "$(inherited) @executable_path/Frameworks";
				PRODUCT_BUNDLE_IDENTIFIER = com.youku.pushSDKDemo;
				PRODUCT_NAME = "$(TARGET_NAME)";
				PROVISIONING_PROFILE = "adba3979-565b-47cb-897e-9b3029fa7585";
				PROVISIONING_PROFILE_SPECIFIER = YKHDPush_DemoProfile;
			};
			name = Debug;
		};
		BA8749881DED566000C9F896 /* Release */ = {
			isa = XCBuildConfiguration;
			buildSettings = {
				ASSETCATALOG_COMPILER_APPICON_NAME = AppIcon;
				ASSETCATALOG_COMPILER_LAUNCHIMAGE_NAME = LaunchImage;
				CODE_SIGN_ENTITLEMENTS = PushNotificationSDKSample/PushNotificationSDKSample.entitlements;
				"CODE_SIGN_IDENTITY[sdk=iphoneos*]" = "iPhone Developer";
				DEVELOPMENT_TEAM = "";
				INFOPLIST_FILE = PushNotificationSDKSample/Info.plist;
				IPHONEOS_DEPLOYMENT_TARGET = 7.0;
				LD_RUNPATH_SEARCH_PATHS = "$(inherited) @executable_path/Frameworks";
				PRODUCT_BUNDLE_IDENTIFIER = com.youku.pushSDKDemo;
				PRODUCT_NAME = "$(TARGET_NAME)";
			};
			name = Release;
		};
		BA8749A91DEEE8BF00C9F896 /* Debug */ = {
			isa = XCBuildConfiguration;
			buildSettings = {
				DEVELOPMENT_TEAM = 9A3VU99UZ5;
				INFOPLIST_FILE = YKHDNotificationContent/Info.plist;
				LD_RUNPATH_SEARCH_PATHS = "$(inherited) @executable_path/Frameworks @executable_path/../../Frameworks";
				PRODUCT_BUNDLE_IDENTIFIER = com.youku.pushSDKDemo.ContentExtension;
				PRODUCT_NAME = "$(TARGET_NAME)";
				PROVISIONING_PROFILE = "9ad5ace5-75bb-4f69-9af0-443983523046";
				PROVISIONING_PROFILE_SPECIFIER = YKHDPushExtenisonProfile;
				SKIP_INSTALL = YES;
			};
			name = Debug;
		};
		BA8749AA1DEEE8BF00C9F896 /* Release */ = {
			isa = XCBuildConfiguration;
			buildSettings = {
				DEVELOPMENT_TEAM = "";
				INFOPLIST_FILE = YKHDNotificationContent/Info.plist;
				LD_RUNPATH_SEARCH_PATHS = "$(inherited) @executable_path/Frameworks @executable_path/../../Frameworks";
				PRODUCT_BUNDLE_IDENTIFIER = com.youku.pushSDKDemo.ContentExtension;
				PRODUCT_NAME = "$(TARGET_NAME)";
				SKIP_INSTALL = YES;
			};
			name = Release;
		};
		BA8749B91DEEE8E800C9F896 /* Debug */ = {
			isa = XCBuildConfiguration;
			buildSettings = {
				DEVELOPMENT_TEAM = 9A3VU99UZ5;
				INFOPLIST_FILE = YKHDNotificationService/Info.plist;
				LD_RUNPATH_SEARCH_PATHS = "$(inherited) @executable_path/Frameworks @executable_path/../../Frameworks";
				PRODUCT_BUNDLE_IDENTIFIER = com.youku.pushSDKDemo.ServiceExtension;
				PRODUCT_NAME = "$(TARGET_NAME)";
				PROVISIONING_PROFILE = "9ad5ace5-75bb-4f69-9af0-443983523046";
				PROVISIONING_PROFILE_SPECIFIER = YKHDPushExtenisonProfile;
				SKIP_INSTALL = YES;
			};
			name = Debug;
		};
		BA8749BA1DEEE8E800C9F896 /* Release */ = {
			isa = XCBuildConfiguration;
			buildSettings = {
				DEVELOPMENT_TEAM = "";
				INFOPLIST_FILE = YKHDNotificationService/Info.plist;
				LD_RUNPATH_SEARCH_PATHS = "$(inherited) @executable_path/Frameworks @executable_path/../../Frameworks";
				PRODUCT_BUNDLE_IDENTIFIER = com.youku.pushSDKDemo.ServiceExtension;
				PRODUCT_NAME = "$(TARGET_NAME)";
				SKIP_INSTALL = YES;
			};
			name = Release;
		};
/* End XCBuildConfiguration section */

/* Begin XCConfigurationList section */
		BA87496A1DED566000C9F896 /* Build configuration list for PBXProject "PushNotificationSDKSample" */ = {
			isa = XCConfigurationList;
			buildConfigurations = (
				BA8749841DED566000C9F896 /* Debug */,
				BA8749851DED566000C9F896 /* Release */,
			);
			defaultConfigurationIsVisible = 0;
			defaultConfigurationName = Release;
		};
		BA8749861DED566000C9F896 /* Build configuration list for PBXNativeTarget "PushNotificationSDKSample" */ = {
			isa = XCConfigurationList;
			buildConfigurations = (
				BA8749871DED566000C9F896 /* Debug */,
				BA8749881DED566000C9F896 /* Release */,
			);
			defaultConfigurationIsVisible = 0;
			defaultConfigurationName = Release;
		};
		BA8749A81DEEE8BF00C9F896 /* Build configuration list for PBXNativeTarget "YKHDNotificationContent" */ = {
			isa = XCConfigurationList;
			buildConfigurations = (
				BA8749A91DEEE8BF00C9F896 /* Debug */,
				BA8749AA1DEEE8BF00C9F896 /* Release */,
			);
			defaultConfigurationIsVisible = 0;
			defaultConfigurationName = Release;
		};
		BA8749B81DEEE8E800C9F896 /* Build configuration list for PBXNativeTarget "YKHDNotificationService" */ = {
			isa = XCConfigurationList;
			buildConfigurations = (
				BA8749B91DEEE8E800C9F896 /* Debug */,
				BA8749BA1DEEE8E800C9F896 /* Release */,
			);
			defaultConfigurationIsVisible = 0;
			defaultConfigurationName = Release;
		};
/* End XCConfigurationList section */
	};
	rootObject = BA8749671DED566000C9F896 /* Project object */;
}
